// !$*UTF8*$!
{
	archiveVersion = 1;
	classes = {
	};
	objectVersion = 50;
	objects = {

/* Begin PBXBuildFile section */
		71F111F8218AF2DA00C7F9CB /* AppDelegate.m in Sources */ = {isa = PBXBuildFile; fileRef = 71F111F7218AF2DA00C7F9CB /* AppDelegate.m */; };
		71F111FB218AF2DA00C7F9CB /* ViewController.m in Sources */ = {isa = PBXBuildFile; fileRef = 71F111FA218AF2DA00C7F9CB /* ViewController.m */; };
		71F111FE218AF2DA00C7F9CB /* Main.storyboard in Resources */ = {isa = PBXBuildFile; fileRef = 71F111FC218AF2DA00C7F9CB /* Main.storyboard */; };
		71F11200218AF2DC00C7F9CB /* Assets.xcassets in Resources */ = {isa = PBXBuildFile; fileRef = 71F111FF218AF2DC00C7F9CB /* Assets.xcassets */; };
		71F11203218AF2DC00C7F9CB /* LaunchScreen.storyboard in Resources */ = {isa = PBXBuildFile; fileRef = 71F11201218AF2DC00C7F9CB /* LaunchScreen.storyboard */; };
		71F11206218AF2DC00C7F9CB /* main.m in Sources */ = {isa = PBXBuildFile; fileRef = 71F11205218AF2DC00C7F9CB /* main.m */; };
/* End PBXBuildFile section */

/* Begin PBXFileReference section */
		71F111F3218AF2DA00C7F9CB /* copy与strong.app */ = {isa = PBXFileReference; explicitFileType = wrapper.application; includeInIndex = 0; path = "copy与strong.app"; sourceTree = BUILT_PRODUCTS_DIR; };
		71F111F6218AF2DA00C7F9CB /* AppDelegate.h */ = {isa = PBXFileReference; lastKnownFileType = sourcecode.c.h; path = AppDelegate.h; sourceTree = "<group>"; };
		71F111F7218AF2DA00C7F9CB /* AppDelegate.m */ = {isa = PBXFileReference; lastKnownFileType = sourcecode.c.objc; path = AppDelegate.m; sourceTree = "<group>"; };
		71F111F9218AF2DA00C7F9CB /* ViewController.h */ = {isa = PBXFileReference; lastKnownFileType = sourcecode.c.h; path = ViewController.h; sourceTree = "<group>"; };
		71F111FA218AF2DA00C7F9CB /* ViewController.m */ = {isa = PBXFileReference; lastKnownFileType = sourcecode.c.objc; path = ViewController.m; sourceTree = "<group>"; };
		71F111FD218AF2DA00C7F9CB /* Base */ = {isa = PBXFileReference; lastKnownFileType = file.storyboard; name = Base; path = Base.lproj/Main.storyboard; sourceTree = "<group>"; };
		71F111FF218AF2DC00C7F9CB /* Assets.xcassets */ = {isa = PBXFileReference; lastKnownFileType = folder.assetcatalog; path = Assets.xcassets; sourceTree = "<group>"; };
		71F11202218AF2DC00C7F9CB /* Base */ = {isa = PBXFileReference; lastKnownFileType = file.storyboard; name = Base; path = Base.lproj/LaunchScreen.storyboard; sourceTree = "<group>"; };
		71F11204218AF2DC00C7F9CB /* Info.plist */ = {isa = PBXFileReference; lastKnownFileType = text.plist.xml; path = Info.plist; sourceTree = "<group>"; };
		71F11205218AF2DC00C7F9CB /* main.m */ = {isa = PBXFileReference; lastKnownFileType = sourcecode.c.objc; path = main.m; sourceTree = "<group>"; };
/* End PBXFileReference section */

/* Begin PBXFrameworksBuildPhase section */
		71F111F0218AF2DA00C7F9CB /* Frameworks */ = {
			isa = PBXFrameworksBuildPhase;
			buildActionMask = 2147483647;
			files = (
			);
			runOnlyForDeploymentPostprocessing = 0;
		};
/* End PBXFrameworksBuildPhase section */

/* Begin PBXGroup section */
		71F111EA218AF2DA00C7F9CB = {
			isa = PBXGroup;
			children = (
				71F111F5218AF2DA00C7F9CB /* copy与strong */,
				71F111F4218AF2DA00C7F9CB /* Products */,
			);
			sourceTree = "<group>";
		};
		71F111F4218AF2DA00C7F9CB /* Products */ = {
			isa = PBXGroup;
			children = (
				71F111F3218AF2DA00C7F9CB /* copy与strong.app */,
			);
			name = Products;
			sourceTree = "<group>";
		};
		71F111F5218AF2DA00C7F9CB /* copy与strong */ = {
			isa = PBXGroup;
			children = (
				71F111F6218AF2DA00C7F9CB /* AppDelegate.h */,
				71F111F7218AF2DA00C7F9CB /* AppDelegate.m */,
				71F111F9218AF2DA00C7F9CB /* ViewController.h */,
				71F111FA218AF2DA00C7F9CB /* ViewController.m */,
				71F111FC218AF2DA00C7F9CB /* Main.storyboard */,
				71F111FF218AF2DC00C7F9CB /* Assets.xcassets */,
				71F11201218AF2DC00C7F9CB /* LaunchScreen.storyboard */,
				71F11204218AF2DC00C7F9CB /* Info.plist */,
				71F11205218AF2DC00C7F9CB /* main.m */,
			);
			path = "copy与strong";
			sourceTree = "<group>";
		};
/* End PBXGroup section */

/* Begin PBXNativeTarget section */
		71F111F2218AF2DA00C7F9CB /* copy与strong */ = {
			isa = PBXNativeTarget;
			buildConfigurationList = 71F11209218AF2DC00C7F9CB /* Build configuration list for PBXNativeTarget "copy与strong" */;
			buildPhases = (
				71F111EF218AF2DA00C7F9CB /* Sources */,
				71F111F0218AF2DA00C7F9CB /* Frameworks */,
				71F111F1218AF2DA00C7F9CB /* Resources */,
			);
			buildRules = (
			);
			dependencies = (
			);
			name = "copy与strong";
			productName = "copy与strong";
			productReference = 71F111F3218AF2DA00C7F9CB /* copy与strong.app */;
			productType = "com.apple.product-type.application";
		};
/* End PBXNativeTarget section */

/* Begin PBXProject section */
		71F111EB218AF2DA00C7F9CB /* Project object */ = {
			isa = PBXProject;
			attributes = {
				LastUpgradeCheck = 1010;
				ORGANIZATIONNAME = Cnw;
				TargetAttributes = {
					71F111F2218AF2DA00C7F9CB = {
						CreatedOnToolsVersion = 10.1;
					};
				};
			};
			buildConfigurationList = 71F111EE218AF2DA00C7F9CB /* Build configuration list for PBXProject "copy与strong" */;
			compatibilityVersion = "Xcode 9.3";
			developmentRegion = en;
			hasScannedForEncodings = 0;
			knownRegions = (
				en,
				Base,
			);
			mainGroup = 71F111EA218AF2DA00C7F9CB;
			productRefGroup = 71F111F4218AF2DA00C7F9CB /* Products */;
			projectDirPath = "";
			projectRoot = "";
			targets = (
				71F111F2218AF2DA00C7F9CB /* copy与strong */,
			);
		};
/* End PBXProject section */

/* Begin PBXResourcesBuildPhase section */
		71F111F1218AF2DA00C7F9CB /* Resources */ = {
			isa = PBXResourcesBuildPhase;
			buildActionMask = 2147483647;
			files = (
				71F11203218AF2DC00C7F9CB /* LaunchScreen.storyboard in Resources */,
				71F11200218AF2DC00C7F9CB /* Assets.xcassets in Resources */,
				71F111FE218AF2DA00C7F9CB /* Main.storyboard in Resources */,
			);
			runOnlyForDeploymentPostprocessing = 0;
		};
/* End PBXResourcesBuildPhase section */

/* Begin PBXSourcesBuildPhase section */
		71F111EF218AF2DA00C7F9CB /* Sources */ = {
			isa = PBXSourcesBuildPhase;
			buildActionMask = 2147483647;
			files = (
				71F111FB218AF2DA00C7F9CB /* ViewController.m in Sources */,
				71F11206218AF2DC00C7F9CB /* main.m in Sources */,
				71F111F8218AF2DA00C7F9CB /* AppDelegate.m in Sources */,
			);
			runOnlyForDeploymentPostprocessing = 0;
		};
/* End PBXSourcesBuildPhase section */

/* Begin PBXVariantGroup section */
		71F111FC218AF2DA00C7F9CB /* Main.storyboard */ = {
			isa = PBXVariantGroup;
			children = (
				71F111FD218AF2DA00C7F9CB /* Base */,
			);
			name = Main.storyboard;
			sourceTree = "<group>";
		};
		71F11201218AF2DC00C7F9CB /* LaunchScreen.storyboard */ = {
			isa = PBXVariantGroup;
			children = (
				71F11202218AF2DC00C7F9CB /* Base */,
			);
			name = LaunchScreen.storyboard;
			sourceTree = "<group>";
		};
/* End PBXVariantGroup section */

/* Begin XCBuildConfiguration section */
		71F11207218AF2DC00C7F9CB /* Debug */ = {
			isa = XCBuildConfiguration;
			buildSettings = {
				ALWAYS_SEARCH_USER_PATHS = NO;
				CLANG_ANALYZER_NONNULL = YES;
				CLANG_ANALYZER_NUMBER_OBJECT_CONVERSION = YES_AGGRESSIVE;
				CLANG_CXX_LANGUAGE_STANDARD = "gnu++14";
				CLANG_CXX_LIBRARY = "libc++";
				CLANG_ENABLE_MODULES = YES;
				CLANG_ENABLE_OBJC_ARC = YES;
				CLANG_ENABLE_OBJC_WEAK = YES;
				CLANG_WARN_BLOCK_CAPTURE_AUTORELEASING = YES;
				CLANG_WARN_BOOL_CONVERSION = YES;
				CLANG_WARN_COMMA = YES;
				CLANG_WARN_CONSTANT_CONVERSION = YES;
				CLANG_WARN_DEPRECATED_OBJC_IMPLEMENTATIONS = YES;
				CLANG_WARN_DIRECT_OBJC_ISA_USAGE = YES_ERROR;
				CLANG_WARN_DOCUMENTATION_COMMENTS = YES;
				CLANG_WARN_EMPTY_BODY = YES;
				CLANG_WARN_ENUM_CONVERSION = YES;
				CLANG_WARN_INFINITE_RECURSION = YES;
				CLANG_WARN_INT_CONVERSION = YES;
				CLANG_WARN_NON_LITERAL_NULL_CONVERSION = YES;
				CLANG_WARN_OBJC_IMPLICIT_RETAIN_SELF = YES;
				CLANG_WARN_OBJC_LITERAL_CONVERSION = YES;
				CLANG_WARN_OBJC_ROOT_CLASS = YES_ERROR;
				CLANG_WARN_RANGE_LOOP_ANALYSIS = YES;
				CLANG_WARN_STRICT_PROTOTYPES = YES;
				CLANG_WARN_SUSPICIOUS_MOVE = YES;
				CLANG_WARN_UNGUARDED_AVAILABILITY = YES_AGGRESSIVE;
				CLANG_WARN_UNREACHABLE_CODE = YES;
				CLANG_WARN__DUPLICATE_METHOD_MATCH = YES;
				CODE_SIGN_IDENTITY = "iPhone Developer";
				COPY_PHASE_STRIP = NO;
				DEBUG_INFORMATION_FORMAT = dwarf;
				ENABLE_STRICT_OBJC_MSGSEND = YES;
				ENABLE_TESTABILITY = YES;
				GCC_C_LANGUAGE_STANDARD = gnu11;
				GCC_DYNAMIC_NO_PIC = NO;
				GCC_NO_COMMON_BLOCKS = YES;
				GCC_OPTIMIZATION_LEVEL = 0;
				GCC_PREPROCESSOR_DEFINITIONS = (
					"DEBUG=1",
					"$(inherited)",
				);
				GCC_WARN_64_TO_32_BIT_CONVERSION = YES;
				GCC_WARN_ABOUT_RETURN_TYPE = YES_ERROR;
				GCC_WARN_UNDECLARED_SELECTOR = YES;
				GCC_WARN_UNINITIALIZED_AUTOS = YES_AGGRESSIVE;
				GCC_WARN_UNUSED_FUNCTION = YES;
				GCC_WARN_UNUSED_VARIABLE = YES;
				IPHONEOS_DEPLOYMENT_TARGET = 12.1;
				MTL_ENABLE_DEBUG_INFO = INCLUDE_SOURCE;
				MTL_FAST_MATH = YES;
				ONLY_ACTIVE_ARCH = YES;
				SDKROOT = iphoneos;
			};
			name = Debug;
		};
		71F11208218AF2DC00C7F9CB /* Release */ = {
			isa = XCBuildConfiguration;
			buildSettings = {
				ALWAYS_SEARCH_USER_PATHS = NO;
				CLANG_ANALYZER_NONNULL = YES;
				CLANG_ANALYZER_NUMBER_OBJECT_CONVERSION = YES_AGGRESSIVE;
				CLANG_CXX_LANGUAGE_STANDARD = "gnu++14";
				CLANG_CXX_LIBRARY = "libc++";
				CLANG_ENABLE_MODULES = YES;
				CLANG_ENABLE_OBJC_ARC = YES;
				CLANG_ENABLE_OBJC_WEAK = YES;
				CLANG_WARN_BLOCK_CAPTURE_AUTORELEASING = YES;
				CLANG_WARN_BOOL_CONVERSION = YES;
				CLANG_WARN_COMMA = YES;
				CLANG_WARN_CONSTANT_CONVERSION = YES;
				CLANG_WARN_DEPRECATED_OBJC_IMPLEMENTATIONS = YES;
				CLANG_WARN_DIRECT_OBJC_ISA_USAGE = YES_ERROR;
				CLANG_WARN_DOCUMENTATION_COMMENTS = YES;
				CLANG_WARN_EMPTY_BODY = YES;
				CLANG_WARN_ENUM_CONVERSION = YES;
				CLANG_WARN_INFINITE_RECURSION = YES;
				CLANG_WARN_INT_CONVERSION = YES;
				CLANG_WARN_NON_LITERAL_NULL_CONVERSION = YES;
				CLANG_WARN_OBJC_IMPLICIT_RETAIN_SELF = YES;
				CLANG_WARN_OBJC_LITERAL_CONVERSION = YES;
				CLANG_WARN_OBJC_ROOT_CLASS = YES_ERROR;
				CLANG_WARN_RANGE_LOOP_ANALYSIS = YES;
				CLANG_WARN_STRICT_PROTOTYPES = YES;
				CLANG_WARN_SUSPICIOUS_MOVE = YES;
				CLANG_WARN_UNGUARDED_AVAILABILITY = YES_AGGRESSIVE;
				CLANG_WARN_UNREACHABLE_CODE = YES;
				CLANG_WARN__DUPLICATE_METHOD_MATCH = YES;
				CODE_SIGN_IDENTITY = "iPhone Developer";
				COPY_PHASE_STRIP = NO;
				DEBUG_INFORMATION_FORMAT = "dwarf-with-dsym";
				ENABLE_NS_ASSERTIONS = NO;
				ENABLE_STRICT_OBJC_MSGSEND = YES;
				GCC_C_LANGUAGE_STANDARD = gnu11;
				GCC_NO_COMMON_BLOCKS = YES;
				GCC_WARN_64_TO_32_BIT_CONVERSION = YES;
				GCC_WARN_ABOUT_RETURN_TYPE = YES_ERROR;
				GCC_WARN_UNDECLARED_SELECTOR = YES;
				GCC_WARN_UNINITIALIZED_AUTOS = YES_AGGRESSIVE;
				GCC_WARN_UNUSED_FUNCTION = YES;
				GCC_WARN_UNUSED_VARIABLE = YES;
				IPHONEOS_DEPLOYMENT_TARGET = 12.1;
				MTL_ENABLE_DEBUG_INFO = NO;
				MTL_FAST_MATH = YES;
				SDKROOT = iphoneos;
				VALIDATE_PRODUCT = YES;
			};
			name = Release;
		};
		71F1120A218AF2DC00C7F9CB /* Debug */ = {
			isa = XCBuildConfiguration;
			buildSettings = {
				ASSETCATALOG_COMPILER_APPICON_NAME = AppIcon;
				CODE_SIGN_STYLE = Automatic;
				DEVELOPMENT_TEAM = 24DEXTN948;
				INFOPLIST_FILE = "copy与strong/Info.plist";
				LD_RUNPATH_SEARCH_PATHS = (
					"$(inherited)",
					"@executable_path/Frameworks",
				);
				PRODUCT_BUNDLE_IDENTIFIER = "com.JinXiaoEr.copy-strong";
				PRODUCT_NAME = "$(TARGET_NAME)";
				TARGETED_DEVICE_FAMILY = "1,2";
			};
			name = Debug;
		};
		71F1120B218AF2DC00C7F9CB /* Release */ = {
			isa = XCBuildConfiguration;
			buildSettings = {
				ASSETCATALOG_COMPILER_APPICON_NAME = AppIcon;
				CODE_SIGN_STYLE = Automatic;
				DEVELOPMENT_TEAM = 24DEXTN948;
				INFOPLIST_FILE = "copy与strong/Info.plist";
				LD_RUNPATH_SEARCH_PATHS = (
					"$(inherited)",
					"@executable_path/Frameworks",
				);
				PRODUCT_BUNDLE_IDENTIFIER = "com.JinXiaoEr.copy-strong";
				PRODUCT_NAME = "$(TARGET_NAME)";
				TARGETED_DEVICE_FAMILY = "1,2";
			};
			name = Release;
		};
/* End XCBuildConfiguration section */

/* Begin XCConfigurationList section */
		71F111EE218AF2DA00C7F9CB /* Build configuration list for PBXProject "copy与strong" */ = {
			isa = XCConfigurationList;
			buildConfigurations = (
				71F11207218AF2DC00C7F9CB /* Debug */,
				71F11208218AF2DC00C7F9CB /* Release */,
			);
			defaultConfigurationIsVisible = 0;
			defaultConfigurationName = Release;
		};
		71F11209218AF2DC00C7F9CB /* Build configuration list for PBXNativeTarget "copy与strong" */ = {
			isa = XCConfigurationList;
			buildConfigurations = (
				71F1120A218AF2DC00C7F9CB /* Debug */,
				71F1120B218AF2DC00C7F9CB /* Release */,
			);
			defaultConfigurationIsVisible = 0;
			defaultConfigurationName = Release;
		};
/* End XCConfigurationList section */
	};
	rootObject = 71F111EB218AF2DA00C7F9CB /* Project object */;
}
