// !$*UTF8*$!
{
	archiveVersion = 1;
	classes = {
	};
	objectVersion = 50;
	objects = {

/* Begin PBXBuildFile section */
		71F7E75021AE38E300C54BEE /* AppDelegate.m in Sources */ = {isa = PBXBuildFile; fileRef = 71F7E74F21AE38E300C54BEE /* AppDelegate.m */; };
		71F7E75321AE38E300C54BEE /* ViewController.m in Sources */ = {isa = PBXBuildFile; fileRef = 71F7E75221AE38E300C54BEE /* ViewController.m */; };
		71F7E75621AE38E300C54BEE /* Main.storyboard in Resources */ = {isa = PBXBuildFile; fileRef = 71F7E75421AE38E300C54BEE /* Main.storyboard */; };
		71F7E75821AE38E400C54BEE /* Assets.xcassets in Resources */ = {isa = PBXBuildFile; fileRef = 71F7E75721AE38E400C54BEE /* Assets.xcassets */; };
		71F7E75B21AE38E400C54BEE /* LaunchScreen.storyboard in Resources */ = {isa = PBXBuildFile; fileRef = 71F7E75921AE38E400C54BEE /* LaunchScreen.storyboard */; };
		71F7E75E21AE38E400C54BEE /* main.m in Sources */ = {isa = PBXBuildFile; fileRef = 71F7E75D21AE38E400C54BEE /* main.m */; };
/* End PBXBuildFile section */

/* Begin PBXFileReference section */
		71F7E74B21AE38E300C54BEE /* 图片水印.app */ = {isa = PBXFileReference; explicitFileType = wrapper.application; includeInIndex = 0; path = "图片水印.app"; sourceTree = BUILT_PRODUCTS_DIR; };
		71F7E74E21AE38E300C54BEE /* AppDelegate.h */ = {isa = PBXFileReference; lastKnownFileType = sourcecode.c.h; path = AppDelegate.h; sourceTree = "<group>"; };
		71F7E74F21AE38E300C54BEE /* AppDelegate.m */ = {isa = PBXFileReference; lastKnownFileType = sourcecode.c.objc; path = AppDelegate.m; sourceTree = "<group>"; };
		71F7E75121AE38E300C54BEE /* ViewController.h */ = {isa = PBXFileReference; lastKnownFileType = sourcecode.c.h; path = ViewController.h; sourceTree = "<group>"; };
		71F7E75221AE38E300C54BEE /* ViewController.m */ = {isa = PBXFileReference; lastKnownFileType = sourcecode.c.objc; path = ViewController.m; sourceTree = "<group>"; };
		71F7E75521AE38E300C54BEE /* Base */ = {isa = PBXFileReference; lastKnownFileType = file.storyboard; name = Base; path = Base.lproj/Main.storyboard; sourceTree = "<group>"; };
		71F7E75721AE38E400C54BEE /* Assets.xcassets */ = {isa = PBXFileReference; lastKnownFileType = folder.assetcatalog; path = Assets.xcassets; sourceTree = "<group>"; };
		71F7E75A21AE38E400C54BEE /* Base */ = {isa = PBXFileReference; lastKnownFileType = file.storyboard; name = Base; path = Base.lproj/LaunchScreen.storyboard; sourceTree = "<group>"; };
		71F7E75C21AE38E400C54BEE /* Info.plist */ = {isa = PBXFileReference; lastKnownFileType = text.plist.xml; path = Info.plist; sourceTree = "<group>"; };
		71F7E75D21AE38E400C54BEE /* main.m */ = {isa = PBXFileReference; lastKnownFileType = sourcecode.c.objc; path = main.m; sourceTree = "<group>"; };
/* End PBXFileReference section */

/* Begin PBXFrameworksBuildPhase section */
		71F7E74821AE38E300C54BEE /* Frameworks */ = {
			isa = PBXFrameworksBuildPhase;
			buildActionMask = 2147483647;
			files = (
			);
			runOnlyForDeploymentPostprocessing = 0;
		};
/* End PBXFrameworksBuildPhase section */

/* Begin PBXGroup section */
		71F7E74221AE38E200C54BEE = {
			isa = PBXGroup;
			children = (
				71F7E74D21AE38E300C54BEE /* 图片水印 */,
				71F7E74C21AE38E300C54BEE /* Products */,
			);
			sourceTree = "<group>";
		};
		71F7E74C21AE38E300C54BEE /* Products */ = {
			isa = PBXGroup;
			children = (
				71F7E74B21AE38E300C54BEE /* 图片水印.app */,
			);
			name = Products;
			sourceTree = "<group>";
		};
		71F7E74D21AE38E300C54BEE /* 图片水印 */ = {
			isa = PBXGroup;
			children = (
				71F7E74E21AE38E300C54BEE /* AppDelegate.h */,
				71F7E74F21AE38E300C54BEE /* AppDelegate.m */,
				71F7E75121AE38E300C54BEE /* ViewController.h */,
				71F7E75221AE38E300C54BEE /* ViewController.m */,
				71F7E75421AE38E300C54BEE /* Main.storyboard */,
				71F7E75721AE38E400C54BEE /* Assets.xcassets */,
				71F7E75921AE38E400C54BEE /* LaunchScreen.storyboard */,
				71F7E75C21AE38E400C54BEE /* Info.plist */,
				71F7E75D21AE38E400C54BEE /* main.m */,
			);
			path = "图片水印";
			sourceTree = "<group>";
		};
/* End PBXGroup section */

/* Begin PBXNativeTarget section */
		71F7E74A21AE38E300C54BEE /* 图片水印 */ = {
			isa = PBXNativeTarget;
			buildConfigurationList = 71F7E76121AE38E400C54BEE /* Build configuration list for PBXNativeTarget "图片水印" */;
			buildPhases = (
				71F7E74721AE38E300C54BEE /* Sources */,
				71F7E74821AE38E300C54BEE /* Frameworks */,
				71F7E74921AE38E300C54BEE /* Resources */,
			);
			buildRules = (
			);
			dependencies = (
			);
			name = "图片水印";
			productName = "图片水印";
			productReference = 71F7E74B21AE38E300C54BEE /* 图片水印.app */;
			productType = "com.apple.product-type.application";
		};
/* End PBXNativeTarget section */

/* Begin PBXProject section */
		71F7E74321AE38E300C54BEE /* Project object */ = {
			isa = PBXProject;
			attributes = {
				LastUpgradeCheck = 1010;
				ORGANIZATIONNAME = Cnw;
				TargetAttributes = {
					71F7E74A21AE38E300C54BEE = {
						CreatedOnToolsVersion = 10.1;
					};
				};
			};
			buildConfigurationList = 71F7E74621AE38E300C54BEE /* Build configuration list for PBXProject "图片水印" */;
			compatibilityVersion = "Xcode 9.3";
			developmentRegion = en;
			hasScannedForEncodings = 0;
			knownRegions = (
				en,
				Base,
			);
			mainGroup = 71F7E74221AE38E200C54BEE;
			productRefGroup = 71F7E74C21AE38E300C54BEE /* Products */;
			projectDirPath = "";
			projectRoot = "";
			targets = (
				71F7E74A21AE38E300C54BEE /* 图片水印 */,
			);
		};
/* End PBXProject section */

/* Begin PBXResourcesBuildPhase section */
		71F7E74921AE38E300C54BEE /* Resources */ = {
			isa = PBXResourcesBuildPhase;
			buildActionMask = 2147483647;
			files = (
				71F7E75B21AE38E400C54BEE /* LaunchScreen.storyboard in Resources */,
				71F7E75821AE38E400C54BEE /* Assets.xcassets in Resources */,
				71F7E75621AE38E300C54BEE /* Main.storyboard in Resources */,
			);
			runOnlyForDeploymentPostprocessing = 0;
		};
/* End PBXResourcesBuildPhase section */

/* Begin PBXSourcesBuildPhase section */
		71F7E74721AE38E300C54BEE /* Sources */ = {
			isa = PBXSourcesBuildPhase;
			buildActionMask = 2147483647;
			files = (
				71F7E75321AE38E300C54BEE /* ViewController.m in Sources */,
				71F7E75E21AE38E400C54BEE /* main.m in Sources */,
				71F7E75021AE38E300C54BEE /* AppDelegate.m in Sources */,
			);
			runOnlyForDeploymentPostprocessing = 0;
		};
/* End PBXSourcesBuildPhase section */

/* Begin PBXVariantGroup section */
		71F7E75421AE38E300C54BEE /* Main.storyboard */ = {
			isa = PBXVariantGroup;
			children = (
				71F7E75521AE38E300C54BEE /* Base */,
			);
			name = Main.storyboard;
			sourceTree = "<group>";
		};
		71F7E75921AE38E400C54BEE /* LaunchScreen.storyboard */ = {
			isa = PBXVariantGroup;
			children = (
				71F7E75A21AE38E400C54BEE /* Base */,
			);
			name = LaunchScreen.storyboard;
			sourceTree = "<group>";
		};
/* End PBXVariantGroup section */

/* Begin XCBuildConfiguration section */
		71F7E75F21AE38E400C54BEE /* Debug */ = {
			isa = XCBuildConfiguration;
			buildSettings = {
				ALWAYS_SEARCH_USER_PATHS = NO;
				CLANG_ANALYZER_NONNULL = YES;
				CLANG_ANALYZER_NUMBER_OBJECT_CONVERSION = YES_AGGRESSIVE;
				CLANG_CXX_LANGUAGE_STANDARD = "gnu++14";
				CLANG_CXX_LIBRARY = "libc++";
				CLANG_ENABLE_MODULES = YES;
				CLANG_ENABLE_OBJC_ARC = YES;
				CLANG_ENABLE_OBJC_WEAK = YES;
				CLANG_WARN_BLOCK_CAPTURE_AUTORELEASING = YES;
				CLANG_WARN_BOOL_CONVERSION = YES;
				CLANG_WARN_COMMA = YES;
				CLANG_WARN_CONSTANT_CONVERSION = YES;
				CLANG_WARN_DEPRECATED_OBJC_IMPLEMENTATIONS = YES;
				CLANG_WARN_DIRECT_OBJC_ISA_USAGE = YES_ERROR;
				CLANG_WARN_DOCUMENTATION_COMMENTS = YES;
				CLANG_WARN_EMPTY_BODY = YES;
				CLANG_WARN_ENUM_CONVERSION = YES;
				CLANG_WARN_INFINITE_RECURSION = YES;
				CLANG_WARN_INT_CONVERSION = YES;
				CLANG_WARN_NON_LITERAL_NULL_CONVERSION = YES;
				CLANG_WARN_OBJC_IMPLICIT_RETAIN_SELF = YES;
				CLANG_WARN_OBJC_LITERAL_CONVERSION = YES;
				CLANG_WARN_OBJC_ROOT_CLASS = YES_ERROR;
				CLANG_WARN_RANGE_LOOP_ANALYSIS = YES;
				CLANG_WARN_STRICT_PROTOTYPES = YES;
				CLANG_WARN_SUSPICIOUS_MOVE = YES;
				CLANG_WARN_UNGUARDED_AVAILABILITY = YES_AGGRESSIVE;
				CLANG_WARN_UNREACHABLE_CODE = YES;
				CLANG_WARN__DUPLICATE_METHOD_MATCH = YES;
				CODE_SIGN_IDENTITY = "iPhone Developer";
				COPY_PHASE_STRIP = NO;
				DEBUG_INFORMATION_FORMAT = dwarf;
				ENABLE_STRICT_OBJC_MSGSEND = YES;
				ENABLE_TESTABILITY = YES;
				GCC_C_LANGUAGE_STANDARD = gnu11;
				GCC_DYNAMIC_NO_PIC = NO;
				GCC_NO_COMMON_BLOCKS = YES;
				GCC_OPTIMIZATION_LEVEL = 0;
				GCC_PREPROCESSOR_DEFINITIONS = (
					"DEBUG=1",
					"$(inherited)",
				);
				GCC_WARN_64_TO_32_BIT_CONVERSION = YES;
				GCC_WARN_ABOUT_RETURN_TYPE = YES_ERROR;
				GCC_WARN_UNDECLARED_SELECTOR = YES;
				GCC_WARN_UNINITIALIZED_AUTOS = YES_AGGRESSIVE;
				GCC_WARN_UNUSED_FUNCTION = YES;
				GCC_WARN_UNUSED_VARIABLE = YES;
				IPHONEOS_DEPLOYMENT_TARGET = 12.1;
				MTL_ENABLE_DEBUG_INFO = INCLUDE_SOURCE;
				MTL_FAST_MATH = YES;
				ONLY_ACTIVE_ARCH = YES;
				SDKROOT = iphoneos;
			};
			name = Debug;
		};
		71F7E76021AE38E400C54BEE /* Release */ = {
			isa = XCBuildConfiguration;
			buildSettings = {
				ALWAYS_SEARCH_USER_PATHS = NO;
				CLANG_ANALYZER_NONNULL = YES;
				CLANG_ANALYZER_NUMBER_OBJECT_CONVERSION = YES_AGGRESSIVE;
				CLANG_CXX_LANGUAGE_STANDARD = "gnu++14";
				CLANG_CXX_LIBRARY = "libc++";
				CLANG_ENABLE_MODULES = YES;
				CLANG_ENABLE_OBJC_ARC = YES;
				CLANG_ENABLE_OBJC_WEAK = YES;
				CLANG_WARN_BLOCK_CAPTURE_AUTORELEASING = YES;
				CLANG_WARN_BOOL_CONVERSION = YES;
				CLANG_WARN_COMMA = YES;
				CLANG_WARN_CONSTANT_CONVERSION = YES;
				CLANG_WARN_DEPRECATED_OBJC_IMPLEMENTATIONS = YES;
				CLANG_WARN_DIRECT_OBJC_ISA_USAGE = YES_ERROR;
				CLANG_WARN_DOCUMENTATION_COMMENTS = YES;
				CLANG_WARN_EMPTY_BODY = YES;
				CLANG_WARN_ENUM_CONVERSION = YES;
				CLANG_WARN_INFINITE_RECURSION = YES;
				CLANG_WARN_INT_CONVERSION = YES;
				CLANG_WARN_NON_LITERAL_NULL_CONVERSION = YES;
				CLANG_WARN_OBJC_IMPLICIT_RETAIN_SELF = YES;
				CLANG_WARN_OBJC_LITERAL_CONVERSION = YES;
				CLANG_WARN_OBJC_ROOT_CLASS = YES_ERROR;
				CLANG_WARN_RANGE_LOOP_ANALYSIS = YES;
				CLANG_WARN_STRICT_PROTOTYPES = YES;
				CLANG_WARN_SUSPICIOUS_MOVE = YES;
				CLANG_WARN_UNGUARDED_AVAILABILITY = YES_AGGRESSIVE;
				CLANG_WARN_UNREACHABLE_CODE = YES;
				CLANG_WARN__DUPLICATE_METHOD_MATCH = YES;
				CODE_SIGN_IDENTITY = "iPhone Developer";
				COPY_PHASE_STRIP = NO;
				DEBUG_INFORMATION_FORMAT = "dwarf-with-dsym";
				ENABLE_NS_ASSERTIONS = NO;
				ENABLE_STRICT_OBJC_MSGSEND = YES;
				GCC_C_LANGUAGE_STANDARD = gnu11;
				GCC_NO_COMMON_BLOCKS = YES;
				GCC_WARN_64_TO_32_BIT_CONVERSION = YES;
				GCC_WARN_ABOUT_RETURN_TYPE = YES_ERROR;
				GCC_WARN_UNDECLARED_SELECTOR = YES;
				GCC_WARN_UNINITIALIZED_AUTOS = YES_AGGRESSIVE;
				GCC_WARN_UNUSED_FUNCTION = YES;
				GCC_WARN_UNUSED_VARIABLE = YES;
				IPHONEOS_DEPLOYMENT_TARGET = 12.1;
				MTL_ENABLE_DEBUG_INFO = NO;
				MTL_FAST_MATH = YES;
				SDKROOT = iphoneos;
				VALIDATE_PRODUCT = YES;
			};
			name = Release;
		};
		71F7E76221AE38E400C54BEE /* Debug */ = {
			isa = XCBuildConfiguration;
			buildSettings = {
				ASSETCATALOG_COMPILER_APPICON_NAME = AppIcon;
				CODE_SIGN_STYLE = Automatic;
				DEVELOPMENT_TEAM = GF99A4CYNQ;
				INFOPLIST_FILE = "图片水印/Info.plist";
				IPHONEOS_DEPLOYMENT_TARGET = 8.0;
				LD_RUNPATH_SEARCH_PATHS = (
					"$(inherited)",
					"@executable_path/Frameworks",
				);
				PRODUCT_BUNDLE_IDENTIFIER = "com.wls.----";
				PRODUCT_NAME = "$(TARGET_NAME)";
				TARGETED_DEVICE_FAMILY = "1,2";
			};
			name = Debug;
		};
		71F7E76321AE38E400C54BEE /* Release */ = {
			isa = XCBuildConfiguration;
			buildSettings = {
				ASSETCATALOG_COMPILER_APPICON_NAME = AppIcon;
				CODE_SIGN_STYLE = Automatic;
				DEVELOPMENT_TEAM = GF99A4CYNQ;
				INFOPLIST_FILE = "图片水印/Info.plist";
				IPHONEOS_DEPLOYMENT_TARGET = 8.0;
				LD_RUNPATH_SEARCH_PATHS = (
					"$(inherited)",
					"@executable_path/Frameworks",
				);
				PRODUCT_BUNDLE_IDENTIFIER = "com.wls.----";
				PRODUCT_NAME = "$(TARGET_NAME)";
				TARGETED_DEVICE_FAMILY = "1,2";
			};
			name = Release;
		};
/* End XCBuildConfiguration section */

/* Begin XCConfigurationList section */
		71F7E74621AE38E300C54BEE /* Build configuration list for PBXProject "图片水印" */ = {
			isa = XCConfigurationList;
			buildConfigurations = (
				71F7E75F21AE38E400C54BEE /* Debug */,
				71F7E76021AE38E400C54BEE /* Release */,
			);
			defaultConfigurationIsVisible = 0;
			defaultConfigurationName = Release;
		};
		71F7E76121AE38E400C54BEE /* Build configuration list for PBXNativeTarget "图片水印" */ = {
			isa = XCConfigurationList;
			buildConfigurations = (
				71F7E76221AE38E400C54BEE /* Debug */,
				71F7E76321AE38E400C54BEE /* Release */,
			);
			defaultConfigurationIsVisible = 0;
			defaultConfigurationName = Release;
		};
/* End XCConfigurationList section */
	};
	rootObject = 71F7E74321AE38E300C54BEE /* Project object */;
}
