// !$*UTF8*$!
{
	archiveVersion = 1;
	classes = {
	};
	objectVersion = 50;
	objects = {

/* Begin PBXBuildFile section */
		71F27687215CD21200DAC3F5 /* AppDelegate.m in Sources */ = {isa = PBXBuildFile; fileRef = 71F27686215CD21200DAC3F5 /* AppDelegate.m */; };
		71F2768A215CD21200DAC3F5 /* ViewController.m in Sources */ = {isa = PBXBuildFile; fileRef = 71F27689215CD21200DAC3F5 /* ViewController.m */; };
		71F2768D215CD21200DAC3F5 /* Main.storyboard in Resources */ = {isa = PBXBuildFile; fileRef = 71F2768B215CD21200DAC3F5 /* Main.storyboard */; };
		71F2768F215CD21400DAC3F5 /* Assets.xcassets in Resources */ = {isa = PBXBuildFile; fileRef = 71F2768E215CD21400DAC3F5 /* Assets.xcassets */; };
		71F27692215CD21400DAC3F5 /* LaunchScreen.storyboard in Resources */ = {isa = PBXBuildFile; fileRef = 71F27690215CD21400DAC3F5 /* LaunchScreen.storyboard */; };
		71F27695215CD21400DAC3F5 /* main.m in Sources */ = {isa = PBXBuildFile; fileRef = 71F27694215CD21400DAC3F5 /* main.m */; };
/* End PBXBuildFile section */

/* Begin PBXFileReference section */
		71F27682215CD21200DAC3F5 /* testDemo.app */ = {isa = PBXFileReference; explicitFileType = wrapper.application; includeInIndex = 0; path = testDemo.app; sourceTree = BUILT_PRODUCTS_DIR; };
		71F27685215CD21200DAC3F5 /* AppDelegate.h */ = {isa = PBXFileReference; lastKnownFileType = sourcecode.c.h; path = AppDelegate.h; sourceTree = "<group>"; };
		71F27686215CD21200DAC3F5 /* AppDelegate.m */ = {isa = PBXFileReference; lastKnownFileType = sourcecode.c.objc; path = AppDelegate.m; sourceTree = "<group>"; };
		71F27688215CD21200DAC3F5 /* ViewController.h */ = {isa = PBXFileReference; lastKnownFileType = sourcecode.c.h; path = ViewController.h; sourceTree = "<group>"; };
		71F27689215CD21200DAC3F5 /* ViewController.m */ = {isa = PBXFileReference; lastKnownFileType = sourcecode.c.objc; path = ViewController.m; sourceTree = "<group>"; };
		71F2768C215CD21200DAC3F5 /* Base */ = {isa = PBXFileReference; lastKnownFileType = file.storyboard; name = Base; path = Base.lproj/Main.storyboard; sourceTree = "<group>"; };
		71F2768E215CD21400DAC3F5 /* Assets.xcassets */ = {isa = PBXFileReference; lastKnownFileType = folder.assetcatalog; path = Assets.xcassets; sourceTree = "<group>"; };
		71F27691215CD21400DAC3F5 /* Base */ = {isa = PBXFileReference; lastKnownFileType = file.storyboard; name = Base; path = Base.lproj/LaunchScreen.storyboard; sourceTree = "<group>"; };
		71F27693215CD21400DAC3F5 /* Info.plist */ = {isa = PBXFileReference; lastKnownFileType = text.plist.xml; path = Info.plist; sourceTree = "<group>"; };
		71F27694215CD21400DAC3F5 /* main.m */ = {isa = PBXFileReference; lastKnownFileType = sourcecode.c.objc; path = main.m; sourceTree = "<group>"; };
/* End PBXFileReference section */

/* Begin PBXFrameworksBuildPhase section */
		71F2767F215CD21200DAC3F5 /* Frameworks */ = {
			isa = PBXFrameworksBuildPhase;
			buildActionMask = 2147483647;
			files = (
			);
			runOnlyForDeploymentPostprocessing = 0;
		};
/* End PBXFrameworksBuildPhase section */

/* Begin PBXGroup section */
		71F27679215CD21200DAC3F5 = {
			isa = PBXGroup;
			children = (
				71F27684215CD21200DAC3F5 /* testDemo */,
				71F27683215CD21200DAC3F5 /* Products */,
			);
			sourceTree = "<group>";
		};
		71F27683215CD21200DAC3F5 /* Products */ = {
			isa = PBXGroup;
			children = (
				71F27682215CD21200DAC3F5 /* testDemo.app */,
			);
			name = Products;
			sourceTree = "<group>";
		};
		71F27684215CD21200DAC3F5 /* testDemo */ = {
			isa = PBXGroup;
			children = (
				71F27685215CD21200DAC3F5 /* AppDelegate.h */,
				71F27686215CD21200DAC3F5 /* AppDelegate.m */,
				71F27688215CD21200DAC3F5 /* ViewController.h */,
				71F27689215CD21200DAC3F5 /* ViewController.m */,
				71F2768B215CD21200DAC3F5 /* Main.storyboard */,
				71F2768E215CD21400DAC3F5 /* Assets.xcassets */,
				71F27690215CD21400DAC3F5 /* LaunchScreen.storyboard */,
				71F27693215CD21400DAC3F5 /* Info.plist */,
				71F27694215CD21400DAC3F5 /* main.m */,
			);
			path = testDemo;
			sourceTree = "<group>";
		};
/* End PBXGroup section */

/* Begin PBXNativeTarget section */
		71F27681215CD21200DAC3F5 /* testDemo */ = {
			isa = PBXNativeTarget;
			buildConfigurationList = 71F27698215CD21400DAC3F5 /* Build configuration list for PBXNativeTarget "testDemo" */;
			buildPhases = (
				71F2767E215CD21200DAC3F5 /* Sources */,
				71F2767F215CD21200DAC3F5 /* Frameworks */,
				71F27680215CD21200DAC3F5 /* Resources */,
			);
			buildRules = (
			);
			dependencies = (
			);
			name = testDemo;
			productName = testDemo;
			productReference = 71F27682215CD21200DAC3F5 /* testDemo.app */;
			productType = "com.apple.product-type.application";
		};
/* End PBXNativeTarget section */

/* Begin PBXProject section */
		71F2767A215CD21200DAC3F5 /* Project object */ = {
			isa = PBXProject;
			attributes = {
				LastUpgradeCheck = 1000;
				ORGANIZATIONNAME = Cnw;
				TargetAttributes = {
					71F27681215CD21200DAC3F5 = {
						CreatedOnToolsVersion = 10.0;
					};
				};
			};
			buildConfigurationList = 71F2767D215CD21200DAC3F5 /* Build configuration list for PBXProject "testDemo" */;
			compatibilityVersion = "Xcode 9.3";
			developmentRegion = en;
			hasScannedForEncodings = 0;
			knownRegions = (
				en,
				Base,
			);
			mainGroup = 71F27679215CD21200DAC3F5;
			productRefGroup = 71F27683215CD21200DAC3F5 /* Products */;
			projectDirPath = "";
			projectRoot = "";
			targets = (
				71F27681215CD21200DAC3F5 /* testDemo */,
			);
		};
/* End PBXProject section */

/* Begin PBXResourcesBuildPhase section */
		71F27680215CD21200DAC3F5 /* Resources */ = {
			isa = PBXResourcesBuildPhase;
			buildActionMask = 2147483647;
			files = (
				71F27692215CD21400DAC3F5 /* LaunchScreen.storyboard in Resources */,
				71F2768F215CD21400DAC3F5 /* Assets.xcassets in Resources */,
				71F2768D215CD21200DAC3F5 /* Main.storyboard in Resources */,
			);
			runOnlyForDeploymentPostprocessing = 0;
		};
/* End PBXResourcesBuildPhase section */

/* Begin PBXSourcesBuildPhase section */
		71F2767E215CD21200DAC3F5 /* Sources */ = {
			isa = PBXSourcesBuildPhase;
			buildActionMask = 2147483647;
			files = (
				71F2768A215CD21200DAC3F5 /* ViewController.m in Sources */,
				71F27695215CD21400DAC3F5 /* main.m in Sources */,
				71F27687215CD21200DAC3F5 /* AppDelegate.m in Sources */,
			);
			runOnlyForDeploymentPostprocessing = 0;
		};
/* End PBXSourcesBuildPhase section */

/* Begin PBXVariantGroup section */
		71F2768B215CD21200DAC3F5 /* Main.storyboard */ = {
			isa = PBXVariantGroup;
			children = (
				71F2768C215CD21200DAC3F5 /* Base */,
			);
			name = Main.storyboard;
			sourceTree = "<group>";
		};
		71F27690215CD21400DAC3F5 /* LaunchScreen.storyboard */ = {
			isa = PBXVariantGroup;
			children = (
				71F27691215CD21400DAC3F5 /* Base */,
			);
			name = LaunchScreen.storyboard;
			sourceTree = "<group>";
		};
/* End PBXVariantGroup section */

/* Begin XCBuildConfiguration section */
		71F27696215CD21400DAC3F5 /* Debug */ = {
			isa = XCBuildConfiguration;
			buildSettings = {
				ALWAYS_SEARCH_USER_PATHS = NO;
				CLANG_ANALYZER_NONNULL = YES;
				CLANG_ANALYZER_NUMBER_OBJECT_CONVERSION = YES_AGGRESSIVE;
				CLANG_CXX_LANGUAGE_STANDARD = "gnu++14";
				CLANG_CXX_LIBRARY = "libc++";
				CLANG_ENABLE_MODULES = YES;
				CLANG_ENABLE_OBJC_ARC = YES;
				CLANG_ENABLE_OBJC_WEAK = YES;
				CLANG_WARN_BLOCK_CAPTURE_AUTORELEASING = YES;
				CLANG_WARN_BOOL_CONVERSION = YES;
				CLANG_WARN_COMMA = YES;
				CLANG_WARN_CONSTANT_CONVERSION = YES;
				CLANG_WARN_DEPRECATED_OBJC_IMPLEMENTATIONS = YES;
				CLANG_WARN_DIRECT_OBJC_ISA_USAGE = YES_ERROR;
				CLANG_WARN_DOCUMENTATION_COMMENTS = YES;
				CLANG_WARN_EMPTY_BODY = YES;
				CLANG_WARN_ENUM_CONVERSION = YES;
				CLANG_WARN_INFINITE_RECURSION = YES;
				CLANG_WARN_INT_CONVERSION = YES;
				CLANG_WARN_NON_LITERAL_NULL_CONVERSION = YES;
				CLANG_WARN_OBJC_IMPLICIT_RETAIN_SELF = YES;
				CLANG_WARN_OBJC_LITERAL_CONVERSION = YES;
				CLANG_WARN_OBJC_ROOT_CLASS = YES_ERROR;
				CLANG_WARN_RANGE_LOOP_ANALYSIS = YES;
				CLANG_WARN_STRICT_PROTOTYPES = YES;
				CLANG_WARN_SUSPICIOUS_MOVE = YES;
				CLANG_WARN_UNGUARDED_AVAILABILITY = YES_AGGRESSIVE;
				CLANG_WARN_UNREACHABLE_CODE = YES;
				CLANG_WARN__DUPLICATE_METHOD_MATCH = YES;
				CODE_SIGN_IDENTITY = "iPhone Developer";
				COPY_PHASE_STRIP = NO;
				DEBUG_INFORMATION_FORMAT = dwarf;
				ENABLE_STRICT_OBJC_MSGSEND = YES;
				ENABLE_TESTABILITY = YES;
				GCC_C_LANGUAGE_STANDARD = gnu11;
				GCC_DYNAMIC_NO_PIC = NO;
				GCC_NO_COMMON_BLOCKS = YES;
				GCC_OPTIMIZATION_LEVEL = 0;
				GCC_PREPROCESSOR_DEFINITIONS = (
					"DEBUG=1",
					"$(inherited)",
				);
				GCC_WARN_64_TO_32_BIT_CONVERSION = YES;
				GCC_WARN_ABOUT_RETURN_TYPE = YES_ERROR;
				GCC_WARN_UNDECLARED_SELECTOR = YES;
				GCC_WARN_UNINITIALIZED_AUTOS = YES_AGGRESSIVE;
				GCC_WARN_UNUSED_FUNCTION = YES;
				GCC_WARN_UNUSED_VARIABLE = YES;
				IPHONEOS_DEPLOYMENT_TARGET = 12.0;
				MTL_ENABLE_DEBUG_INFO = INCLUDE_SOURCE;
				MTL_FAST_MATH = YES;
				ONLY_ACTIVE_ARCH = YES;
				SDKROOT = iphoneos;
			};
			name = Debug;
		};
		71F27697215CD21400DAC3F5 /* Release */ = {
			isa = XCBuildConfiguration;
			buildSettings = {
				ALWAYS_SEARCH_USER_PATHS = NO;
				CLANG_ANALYZER_NONNULL = YES;
				CLANG_ANALYZER_NUMBER_OBJECT_CONVERSION = YES_AGGRESSIVE;
				CLANG_CXX_LANGUAGE_STANDARD = "gnu++14";
				CLANG_CXX_LIBRARY = "libc++";
				CLANG_ENABLE_MODULES = YES;
				CLANG_ENABLE_OBJC_ARC = YES;
				CLANG_ENABLE_OBJC_WEAK = YES;
				CLANG_WARN_BLOCK_CAPTURE_AUTORELEASING = YES;
				CLANG_WARN_BOOL_CONVERSION = YES;
				CLANG_WARN_COMMA = YES;
				CLANG_WARN_CONSTANT_CONVERSION = YES;
				CLANG_WARN_DEPRECATED_OBJC_IMPLEMENTATIONS = YES;
				CLANG_WARN_DIRECT_OBJC_ISA_USAGE = YES_ERROR;
				CLANG_WARN_DOCUMENTATION_COMMENTS = YES;
				CLANG_WARN_EMPTY_BODY = YES;
				CLANG_WARN_ENUM_CONVERSION = YES;
				CLANG_WARN_INFINITE_RECURSION = YES;
				CLANG_WARN_INT_CONVERSION = YES;
				CLANG_WARN_NON_LITERAL_NULL_CONVERSION = YES;
				CLANG_WARN_OBJC_IMPLICIT_RETAIN_SELF = YES;
				CLANG_WARN_OBJC_LITERAL_CONVERSION = YES;
				CLANG_WARN_OBJC_ROOT_CLASS = YES_ERROR;
				CLANG_WARN_RANGE_LOOP_ANALYSIS = YES;
				CLANG_WARN_STRICT_PROTOTYPES = YES;
				CLANG_WARN_SUSPICIOUS_MOVE = YES;
				CLANG_WARN_UNGUARDED_AVAILABILITY = YES_AGGRESSIVE;
				CLANG_WARN_UNREACHABLE_CODE = YES;
				CLANG_WARN__DUPLICATE_METHOD_MATCH = YES;
				CODE_SIGN_IDENTITY = "iPhone Developer";
				COPY_PHASE_STRIP = NO;
				DEBUG_INFORMATION_FORMAT = "dwarf-with-dsym";
				ENABLE_NS_ASSERTIONS = NO;
				ENABLE_STRICT_OBJC_MSGSEND = YES;
				GCC_C_LANGUAGE_STANDARD = gnu11;
				GCC_NO_COMMON_BLOCKS = YES;
				GCC_WARN_64_TO_32_BIT_CONVERSION = YES;
				GCC_WARN_ABOUT_RETURN_TYPE = YES_ERROR;
				GCC_WARN_UNDECLARED_SELECTOR = YES;
				GCC_WARN_UNINITIALIZED_AUTOS = YES_AGGRESSIVE;
				GCC_WARN_UNUSED_FUNCTION = YES;
				GCC_WARN_UNUSED_VARIABLE = YES;
				IPHONEOS_DEPLOYMENT_TARGET = 12.0;
				MTL_ENABLE_DEBUG_INFO = NO;
				MTL_FAST_MATH = YES;
				SDKROOT = iphoneos;
				VALIDATE_PRODUCT = YES;
			};
			name = Release;
		};
		71F27699215CD21400DAC3F5 /* Debug */ = {
			isa = XCBuildConfiguration;
			buildSettings = {
				ASSETCATALOG_COMPILER_APPICON_NAME = AppIcon;
				CODE_SIGN_STYLE = Automatic;
				DEVELOPMENT_TEAM = 24DEXTN948;
				INFOPLIST_FILE = testDemo/Info.plist;
				LD_RUNPATH_SEARCH_PATHS = (
					"$(inherited)",
					"@executable_path/Frameworks",
				);
				PRODUCT_BUNDLE_IDENTIFIER = com.JinXiaoEr.testDemo;
				PRODUCT_NAME = "$(TARGET_NAME)";
				TARGETED_DEVICE_FAMILY = "1,2";
			};
			name = Debug;
		};
		71F2769A215CD21400DAC3F5 /* Release */ = {
			isa = XCBuildConfiguration;
			buildSettings = {
				ASSETCATALOG_COMPILER_APPICON_NAME = AppIcon;
				CODE_SIGN_STYLE = Automatic;
				DEVELOPMENT_TEAM = 24DEXTN948;
				INFOPLIST_FILE = testDemo/Info.plist;
				LD_RUNPATH_SEARCH_PATHS = (
					"$(inherited)",
					"@executable_path/Frameworks",
				);
				PRODUCT_BUNDLE_IDENTIFIER = com.JinXiaoEr.testDemo;
				PRODUCT_NAME = "$(TARGET_NAME)";
				TARGETED_DEVICE_FAMILY = "1,2";
			};
			name = Release;
		};
/* End XCBuildConfiguration section */

/* Begin XCConfigurationList section */
		71F2767D215CD21200DAC3F5 /* Build configuration list for PBXProject "testDemo" */ = {
			isa = XCConfigurationList;
			buildConfigurations = (
				71F27696215CD21400DAC3F5 /* Debug */,
				71F27697215CD21400DAC3F5 /* Release */,
			);
			defaultConfigurationIsVisible = 0;
			defaultConfigurationName = Release;
		};
		71F27698215CD21400DAC3F5 /* Build configuration list for PBXNativeTarget "testDemo" */ = {
			isa = XCConfigurationList;
			buildConfigurations = (
				71F27699215CD21400DAC3F5 /* Debug */,
				71F2769A215CD21400DAC3F5 /* Release */,
			);
			defaultConfigurationIsVisible = 0;
			defaultConfigurationName = Release;
		};
/* End XCConfigurationList section */
	};
	rootObject = 71F2767A215CD21200DAC3F5 /* Project object */;
}
